
Microsoft Visual Studio Solution File, Format Version 12.00
# Visual Studio Version 17
VisualStudioVersion = 17.3.32811.315
MinimumVisualStudioVersion = 10.0.40219.1
Project("{FAE04EC0-301F-11D3-BF4B-00C04F79EFBC}") = "Koleksiyonlar", "Koleksiyonlar\Koleksiyonlar.csproj", "{3ECA6335-0CD2-4AA8-90B6-DD84BB1C2615}"
EndProject
Project("{FAE04EC0-301F-11D3-BF4B-00C04F79EFBC}") = "GenericsIntro", "GenericsIntro\GenericsIntro.csproj", "{A026194E-5382-4582-BAF2-A761DEAAF29D}"
EndProject
Global
	GlobalSection(SolutionConfigurationPlatforms) = preSolution
		Debug|Any CPU = Debug|Any CPU
		Release|Any CPU = Release|Any CPU
	EndGlobalSection
	GlobalSection(ProjectConfigurationPlatforms) = postSolution
		{3ECA6335-0CD2-4AA8-90B6-DD84BB1C2615}.Debug|Any CPU.ActiveCfg = Debug|Any CPU
		{3ECA6335-0CD2-4AA8-90B6-DD84BB1C2615}.Debug|Any CPU.Build.0 = Debug|Any CPU
		{3ECA6335-0CD2-4AA8-90B6-DD84BB1C2615}.Release|Any CPU.ActiveCfg = Release|Any CPU
		{3ECA6335-0CD2-4AA8-90B6-DD84BB1C2615}.Release|Any CPU.Build.0 = Release|Any CPU
		{A026194E-5382-4582-BAF2-A761DEAAF29D}.Debug|Any CPU.ActiveCfg = Debug|Any CPU
		{A026194E-5382-4582-BAF2-A761DEAAF29D}.Debug|Any CPU.Build.0 = Debug|Any CPU
		{A026194E-5382-4582-BAF2-A761DEAAF29D}.Release|Any CPU.ActiveCfg = Release|Any CPU
		{A026194E-5382-4582-BAF2-A761DEAAF29D}.Release|Any CPU.Build.0 = Release|Any CPU
	EndGlobalSection
	GlobalSection(SolutionProperties) = preSolution
		HideSolutionNode = FALSE
	EndGlobalSection
	GlobalSection(ExtensibilityGlobals) = postSolution
		SolutionGuid = {919F534C-419D-4E09-B26A-2694C058E668}
	EndGlobalSection
EndGlobal
